
Microsoft Visual Studio Solution File, Format Version 12.00
# Visual Studio Version 17
VisualStudioVersion = 17.9.34728.123
MinimumVisualStudioVersion = 10.0.40219.1
Project("{2150E333-8FDC-42A3-9474-1A3956D46DE8}") = "Task1", "Task1", "{C65BDE2C-963F-4C33-99B6-269AD16CDC33}"
EndProject
Project("{2150E333-8FDC-42A3-9474-1A3956D46DE8}") = "Task3", "Task3", "{C77951EA-E9A2-4F32-A2DB-A94C5EC83E22}"
EndProject
Project("{2150E333-8FDC-42A3-9474-1A3956D46DE8}") = "Task2", "Task2", "{6A84DD99-8A2B-456A-B082-41C707618FB1}"
EndProject
Project("{FAE04EC0-301F-11D3-BF4B-00C04F79EFBC}") = "DiagonalMatrix", "DiagonalMatrix\DiagonalMatrix.csproj", "{8A92B580-596C-459E-9073-DBBF7D1D81E6}"
EndProject
Project("{FAE04EC0-301F-11D3-BF4B-00C04F79EFBC}") = "DiagonalMatrixTests", "DiagonalMatrixTests\DiagonalMatrixTests.csproj", "{E5D523ED-E6AD-4CD3-ACCD-6487AF39A15E}"
EndProject
Global
	GlobalSection(SolutionConfigurationPlatforms) = preSolution
		Debug|Any CPU = Debug|Any CPU
		Release|Any CPU = Release|Any CPU
	EndGlobalSection
	GlobalSection(ProjectConfigurationPlatforms) = postSolution
		{8A92B580-596C-459E-9073-DBBF7D1D81E6}.Debug|Any CPU.ActiveCfg = Debug|Any CPU
		{8A92B580-596C-459E-9073-DBBF7D1D81E6}.Debug|Any CPU.Build.0 = Debug|Any CPU
		{8A92B580-596C-459E-9073-DBBF7D1D81E6}.Release|Any CPU.ActiveCfg = Release|Any CPU
		{8A92B580-596C-459E-9073-DBBF7D1D81E6}.Release|Any CPU.Build.0 = Release|Any CPU
		{E5D523ED-E6AD-4CD3-ACCD-6487AF39A15E}.Debug|Any CPU.ActiveCfg = Debug|Any CPU
		{E5D523ED-E6AD-4CD3-ACCD-6487AF39A15E}.Debug|Any CPU.Build.0 = Debug|Any CPU
		{E5D523ED-E6AD-4CD3-ACCD-6487AF39A15E}.Release|Any CPU.ActiveCfg = Release|Any CPU
		{E5D523ED-E6AD-4CD3-ACCD-6487AF39A15E}.Release|Any CPU.Build.0 = Release|Any CPU
	EndGlobalSection
	GlobalSection(SolutionProperties) = preSolution
		HideSolutionNode = FALSE
	EndGlobalSection
	GlobalSection(ExtensibilityGlobals) = postSolution
		SolutionGuid = {43F33EC0-3751-4917-B4E7-66E9EAF50AC3}
	EndGlobalSection
EndGlobal
