
Microsoft Visual Studio Solution File, Format Version 12.00
# Visual Studio Version 17
VisualStudioVersion = 17.9.34728.123
MinimumVisualStudioVersion = 10.0.40219.1
Project("{2150E333-8FDC-42A3-9474-1A3956D46DE8}") = "Task1", "Task1", "{C65BDE2C-963F-4C33-99B6-269AD16CDC33}"
EndProject
Project("{2150E333-8FDC-42A3-9474-1A3956D46DE8}") = "Task2", "Task2", "{6A84DD99-8A2B-456A-B082-41C707618FB1}"
EndProject
Project("{9A19103F-16F7-4668-BE54-9A1E7A4F7556}") = "IsbnCheckDigitCalculator", "IsbnCheckDigitCalculator\IsbnCheckDigitCalculator.csproj", "{5120A43A-6E12-45F2-B2BA-D252AC5F6AA4}"
EndProject
Project("{9A19103F-16F7-4668-BE54-9A1E7A4F7556}") = "TwoADuodecimalRangeChecker", "TwoADuodecimalRangeChecker\TwoADuodecimalRangeChecker.csproj", "{8176D76C-5ACB-4157-8ECA-19E12A1FFA62}"
EndProject
Global
	GlobalSection(SolutionConfigurationPlatforms) = preSolution
		Debug|Any CPU = Debug|Any CPU
		Release|Any CPU = Release|Any CPU
	EndGlobalSection
	GlobalSection(ProjectConfigurationPlatforms) = postSolution
		{5120A43A-6E12-45F2-B2BA-D252AC5F6AA4}.Debug|Any CPU.ActiveCfg = Debug|Any CPU
		{5120A43A-6E12-45F2-B2BA-D252AC5F6AA4}.Debug|Any CPU.Build.0 = Debug|Any CPU
		{5120A43A-6E12-45F2-B2BA-D252AC5F6AA4}.Release|Any CPU.ActiveCfg = Release|Any CPU
		{5120A43A-6E12-45F2-B2BA-D252AC5F6AA4}.Release|Any CPU.Build.0 = Release|Any CPU
		{8176D76C-5ACB-4157-8ECA-19E12A1FFA62}.Debug|Any CPU.ActiveCfg = Debug|Any CPU
		{8176D76C-5ACB-4157-8ECA-19E12A1FFA62}.Debug|Any CPU.Build.0 = Debug|Any CPU
		{8176D76C-5ACB-4157-8ECA-19E12A1FFA62}.Release|Any CPU.ActiveCfg = Release|Any CPU
		{8176D76C-5ACB-4157-8ECA-19E12A1FFA62}.Release|Any CPU.Build.0 = Release|Any CPU
	EndGlobalSection
	GlobalSection(SolutionProperties) = preSolution
		HideSolutionNode = FALSE
	EndGlobalSection
	GlobalSection(NestedProjects) = preSolution
		{5120A43A-6E12-45F2-B2BA-D252AC5F6AA4} = {6A84DD99-8A2B-456A-B082-41C707618FB1}
		{8176D76C-5ACB-4157-8ECA-19E12A1FFA62} = {C65BDE2C-963F-4C33-99B6-269AD16CDC33}
	EndGlobalSection
	GlobalSection(ExtensibilityGlobals) = postSolution
		SolutionGuid = {43F33EC0-3751-4917-B4E7-66E9EAF50AC3}
	EndGlobalSection
EndGlobal
